
Microsoft Visual Studio Solution File, Format Version 12.00
# Visual Studio 15
VisualStudioVersion = 15.0.26730.12
MinimumVisualStudioVersion = 10.0.40219.1
Project("{9A19103F-16F7-4668-BE54-9A1E7A4F7556}") = "auth0api", "auth0api\auth0api.csproj", "{DF8D6759-F647-4EF7-BC5E-F416FC3C3262}"
EndProject
Global
	GlobalSection(SolutionConfigurationPlatforms) = preSolution
		Debug|Any CPU = Debug|Any CPU
		Release|Any CPU = Release|Any CPU
	EndGlobalSection
	GlobalSection(ProjectConfigurationPlatforms) = postSolution
		{DF8D6759-F647-4EF7-BC5E-F416FC3C3262}.Debug|Any CPU.ActiveCfg = Debug|Any CPU
		{DF8D6759-F647-4EF7-BC5E-F416FC3C3262}.Debug|Any CPU.Build.0 = Debug|Any CPU
		{DF8D6759-F647-4EF7-BC5E-F416FC3C3262}.Release|Any CPU.ActiveCfg = Release|Any CPU
		{DF8D6759-F647-4EF7-BC5E-F416FC3C3262}.Release|Any CPU.Build.0 = Release|Any CPU
	EndGlobalSection
	GlobalSection(SolutionProperties) = preSolution
		HideSolutionNode = FALSE
	EndGlobalSection
	GlobalSection(ExtensibilityGlobals) = postSolution
		SolutionGuid = {03730211-EC5F-4D4F-BF6D-E645945FFBD2}
	EndGlobalSection
EndGlobal
